
Microsoft Visual Studio Solution File, Format Version 12.00
# Visual Studio 15
VisualStudioVersion = 15.0.27428.2043
MinimumVisualStudioVersion = 10.0.40219.1
Project("{2150E333-8FDC-42A3-9474-1A3956D46DE8}") = "Solution Items", "Solution Items", "{9B899F80-9EDD-4229-9A81-F250B2DED9B7}"
	ProjectSection(SolutionItems) = preProject
		DeployStorage.ps1 = DeployStorage.ps1
		file.txt = file.txt
		storage.json = storage.json
		UploadBlob.ps1 = UploadBlob.ps1
	EndProjectSection
EndProject
Global
	GlobalSection(SolutionProperties) = preSolution
		HideSolutionNode = FALSE
	EndGlobalSection
	GlobalSection(ExtensibilityGlobals) = postSolution
		SolutionGuid = {184839F2-7018-4425-8584-301E329CB3F4}
	EndGlobalSection
EndGlobal
